// !$*UTF8*$!
{
	archiveVersion = 1;
	classes = {
	};
	objectVersion = 56;
	objects = {

/* Begin PBXBuildFile section */
		9124E8362DDFB78900FE58FD /* Belajar_Membuat_Aplikasi_iOS_untuk_PemulaApp.swift in Sources */ = {isa = PBXBuildFile; fileRef = 9124E8352DDFB78900FE58FD /* Belajar_Membuat_Aplikasi_iOS_untuk_PemulaApp.swift */; };
		9124E8382DDFB78900FE58FD /* ContentView.swift in Sources */ = {isa = PBXBuildFile; fileRef = 9124E8372DDFB78900FE58FD /* ContentView.swift */; };
		9124E83A2DDFB78A00FE58FD /* Assets.xcassets in Resources */ = {isa = PBXBuildFile; fileRef = 9124E8392DDFB78A00FE58FD /* Assets.xcassets */; };
		9124E83D2DDFB78A00FE58FD /* Preview Assets.xcassets in Resources */ = {isa = PBXBuildFile; fileRef = 9124E83C2DDFB78A00FE58FD /* Preview Assets.xcassets */; };
		9124E8442DDFC08100FE58FD /* Doa.swift in Sources */ = {isa = PBXBuildFile; fileRef = 9124E8432DDFC08100FE58FD /* Doa.swift */; };
		9124E8462DDFC09F00FE58FD /* DoaService.swift in Sources */ = {isa = PBXBuildFile; fileRef = 9124E8452DDFC09F00FE58FD /* DoaService.swift */; };
		9124E8482DDFC0DB00FE58FD /* DoaViewModel.swift in Sources */ = {isa = PBXBuildFile; fileRef = 9124E8472DDFC0DB00FE58FD /* DoaViewModel.swift */; };
		9124E84C2DDFC1D600FE58FD /* HomeView.swift in Sources */ = {isa = PBXBuildFile; fileRef = 9124E84B2DDFC1D600FE58FD /* HomeView.swift */; };
		9124E84E2DDFC1FB00FE58FD /* DetailView.swift in Sources */ = {isa = PBXBuildFile; fileRef = 9124E84D2DDFC1FB00FE58FD /* DetailView.swift */; };
		9124E8502DDFC21500FE58FD /* AboutView.swift in Sources */ = {isa = PBXBuildFile; fileRef = 9124E84F2DDFC21500FE58FD /* AboutView.swift */; };
/* End PBXBuildFile section */

/* Begin PBXFileReference section */
		9124E8322DDFB78900FE58FD /* Belajar Membuat Aplikasi iOS untuk Pemula.app */ = {isa = PBXFileReference; explicitFileType = wrapper.application; includeInIndex = 0; path = "Belajar Membuat Aplikasi iOS untuk Pemula.app"; sourceTree = BUILT_PRODUCTS_DIR; };
		9124E8352DDFB78900FE58FD /* Belajar_Membuat_Aplikasi_iOS_untuk_PemulaApp.swift */ = {isa = PBXFileReference; lastKnownFileType = sourcecode.swift; path = Belajar_Membuat_Aplikasi_iOS_untuk_PemulaApp.swift; sourceTree = "<group>"; };
		9124E8372DDFB78900FE58FD /* ContentView.swift */ = {isa = PBXFileReference; lastKnownFileType = sourcecode.swift; path = ContentView.swift; sourceTree = "<group>"; };
		9124E8392DDFB78A00FE58FD /* Assets.xcassets */ = {isa = PBXFileReference; lastKnownFileType = folder.assetcatalog; path = Assets.xcassets; sourceTree = "<group>"; };
		9124E83C2DDFB78A00FE58FD /* Preview Assets.xcassets */ = {isa = PBXFileReference; lastKnownFileType = folder.assetcatalog; path = "Preview Assets.xcassets"; sourceTree = "<group>"; };
		9124E8432DDFC08100FE58FD /* Doa.swift */ = {isa = PBXFileReference; lastKnownFileType = sourcecode.swift; path = Doa.swift; sourceTree = "<group>"; };
		9124E8452DDFC09F00FE58FD /* DoaService.swift */ = {isa = PBXFileReference; lastKnownFileType = sourcecode.swift; path = DoaService.swift; sourceTree = "<group>"; };
		9124E8472DDFC0DB00FE58FD /* DoaViewModel.swift */ = {isa = PBXFileReference; lastKnownFileType = sourcecode.swift; path = DoaViewModel.swift; sourceTree = "<group>"; };
		9124E84B2DDFC1D600FE58FD /* HomeView.swift */ = {isa = PBXFileReference; lastKnownFileType = sourcecode.swift; path = HomeView.swift; sourceTree = "<group>"; };
		9124E84D2DDFC1FB00FE58FD /* DetailView.swift */ = {isa = PBXFileReference; lastKnownFileType = sourcecode.swift; path = DetailView.swift; sourceTree = "<group>"; };
		9124E84F2DDFC21500FE58FD /* AboutView.swift */ = {isa = PBXFileReference; lastKnownFileType = sourcecode.swift; path = AboutView.swift; sourceTree = "<group>"; };
/* End PBXFileReference section */

/* Begin PBXFrameworksBuildPhase section */
		9124E82F2DDFB78900FE58FD /* Frameworks */ = {
			isa = PBXFrameworksBuildPhase;
			buildActionMask = 2147483647;
			files = (
			);
			runOnlyForDeploymentPostprocessing = 0;
		};
/* End PBXFrameworksBuildPhase section */

/* Begin PBXGroup section */
		9124E8292DDFB78800FE58FD = {
			isa = PBXGroup;
			children = (
				9124E8342DDFB78900FE58FD /* Belajar Membuat Aplikasi iOS untuk Pemula */,
				9124E8332DDFB78900FE58FD /* Products */,
			);
			sourceTree = "<group>";
		};
		9124E8332DDFB78900FE58FD /* Products */ = {
			isa = PBXGroup;
			children = (
				9124E8322DDFB78900FE58FD /* Belajar Membuat Aplikasi iOS untuk Pemula.app */,
			);
			name = Products;
			sourceTree = "<group>";
		};
		9124E8342DDFB78900FE58FD /* Belajar Membuat Aplikasi iOS untuk Pemula */ = {
			isa = PBXGroup;
			children = (
				9124E8352DDFB78900FE58FD /* Belajar_Membuat_Aplikasi_iOS_untuk_PemulaApp.swift */,
				9124E8432DDFC08100FE58FD /* Doa.swift */,
				9124E8372DDFB78900FE58FD /* ContentView.swift */,
				9124E8392DDFB78A00FE58FD /* Assets.xcassets */,
				9124E83B2DDFB78A00FE58FD /* Preview Content */,
				9124E8452DDFC09F00FE58FD /* DoaService.swift */,
				9124E84B2DDFC1D600FE58FD /* HomeView.swift */,
				9124E8472DDFC0DB00FE58FD /* DoaViewModel.swift */,
				9124E84D2DDFC1FB00FE58FD /* DetailView.swift */,
				9124E84F2DDFC21500FE58FD /* AboutView.swift */,
			);
			path = "Belajar Membuat Aplikasi iOS untuk Pemula";
			sourceTree = "<group>";
		};
		9124E83B2DDFB78A00FE58FD /* Preview Content */ = {
			isa = PBXGroup;
			children = (
				9124E83C2DDFB78A00FE58FD /* Preview Assets.xcassets */,
			);
			path = "Preview Content";
			sourceTree = "<group>";
		};
/* End PBXGroup section */

/* Begin PBXNativeTarget section */
		9124E8312DDFB78900FE58FD /* Belajar Membuat Aplikasi iOS untuk Pemula */ = {
			isa = PBXNativeTarget;
			buildConfigurationList = 9124E8402DDFB78A00FE58FD /* Build configuration list for PBXNativeTarget "Belajar Membuat Aplikasi iOS untuk Pemula" */;
			buildPhases = (
				9124E82E2DDFB78900FE58FD /* Sources */,
				9124E82F2DDFB78900FE58FD /* Frameworks */,
				9124E8302DDFB78900FE58FD /* Resources */,
			);
			buildRules = (
			);
			dependencies = (
			);
			name = "Belajar Membuat Aplikasi iOS untuk Pemula";
			productName = "Belajar Membuat Aplikasi iOS untuk Pemula";
			productReference = 9124E8322DDFB78900FE58FD /* Belajar Membuat Aplikasi iOS untuk Pemula.app */;
			productType = "com.apple.product-type.application";
		};
/* End PBXNativeTarget section */

/* Begin PBXProject section */
		9124E82A2DDFB78800FE58FD /* Project object */ = {
			isa = PBXProject;
			attributes = {
				BuildIndependentTargetsInParallel = 1;
				LastSwiftUpdateCheck = 1430;
				LastUpgradeCheck = 1430;
				TargetAttributes = {
					9124E8312DDFB78900FE58FD = {
						CreatedOnToolsVersion = 14.3.1;
					};
				};
			};
			buildConfigurationList = 9124E82D2DDFB78800FE58FD /* Build configuration list for PBXProject "Belajar Membuat Aplikasi iOS untuk Pemula" */;
			compatibilityVersion = "Xcode 14.0";
			developmentRegion = en;
			hasScannedForEncodings = 0;
			knownRegions = (
				en,
				Base,
			);
			mainGroup = 9124E8292DDFB78800FE58FD;
			productRefGroup = 9124E8332DDFB78900FE58FD /* Products */;
			projectDirPath = "";
			projectRoot = "";
			targets = (
				9124E8312DDFB78900FE58FD /* Belajar Membuat Aplikasi iOS untuk Pemula */,
			);
		};
/* End PBXProject section */

/* Begin PBXResourcesBuildPhase section */
		9124E8302DDFB78900FE58FD /* Resources */ = {
			isa = PBXResourcesBuildPhase;
			buildActionMask = 2147483647;
			files = (
				9124E83D2DDFB78A00FE58FD /* Preview Assets.xcassets in Resources */,
				9124E83A2DDFB78A00FE58FD /* Assets.xcassets in Resources */,
			);
			runOnlyForDeploymentPostprocessing = 0;
		};
/* End PBXResourcesBuildPhase section */

/* Begin PBXSourcesBuildPhase section */
		9124E82E2DDFB78900FE58FD /* Sources */ = {
			isa = PBXSourcesBuildPhase;
			buildActionMask = 2147483647;
			files = (
				9124E8502DDFC21500FE58FD /* AboutView.swift in Sources */,
				9124E8462DDFC09F00FE58FD /* DoaService.swift in Sources */,
				9124E8482DDFC0DB00FE58FD /* DoaViewModel.swift in Sources */,
				9124E8382DDFB78900FE58FD /* ContentView.swift in Sources */,
				9124E84E2DDFC1FB00FE58FD /* DetailView.swift in Sources */,
				9124E84C2DDFC1D600FE58FD /* HomeView.swift in Sources */,
				9124E8362DDFB78900FE58FD /* Belajar_Membuat_Aplikasi_iOS_untuk_PemulaApp.swift in Sources */,
				9124E8442DDFC08100FE58FD /* Doa.swift in Sources */,
			);
			runOnlyForDeploymentPostprocessing = 0;
		};
/* End PBXSourcesBuildPhase section */

/* Begin XCBuildConfiguration section */
		9124E83E2DDFB78A00FE58FD /* Debug */ = {
			isa = XCBuildConfiguration;
			buildSettings = {
				ALWAYS_SEARCH_USER_PATHS = NO;
				CLANG_ANALYZER_NONNULL = YES;
				CLANG_ANALYZER_NUMBER_OBJECT_CONVERSION = YES_AGGRESSIVE;
				CLANG_CXX_LANGUAGE_STANDARD = "gnu++20";
				CLANG_ENABLE_MODULES = YES;
				CLANG_ENABLE_OBJC_ARC = YES;
				CLANG_ENABLE_OBJC_WEAK = YES;
				CLANG_WARN_BLOCK_CAPTURE_AUTORELEASING = YES;
				CLANG_WARN_BOOL_CONVERSION = YES;
				CLANG_WARN_COMMA = YES;
				CLANG_WARN_CONSTANT_CONVERSION = YES;
				CLANG_WARN_DEPRECATED_OBJC_IMPLEMENTATIONS = YES;
				CLANG_WARN_DIRECT_OBJC_ISA_USAGE = YES_ERROR;
				CLANG_WARN_DOCUMENTATION_COMMENTS = YES;
				CLANG_WARN_EMPTY_BODY = YES;
				CLANG_WARN_ENUM_CONVERSION = YES;
				CLANG_WARN_INFINITE_RECURSION = YES;
				CLANG_WARN_INT_CONVERSION = YES;
				CLANG_WARN_NON_LITERAL_NULL_CONVERSION = YES;
				CLANG_WARN_OBJC_IMPLICIT_RETAIN_SELF = YES;
				CLANG_WARN_OBJC_LITERAL_CONVERSION = YES;
				CLANG_WARN_OBJC_ROOT_CLASS = YES_ERROR;
				CLANG_WARN_QUOTED_INCLUDE_IN_FRAMEWORK_HEADER = YES;
				CLANG_WARN_RANGE_LOOP_ANALYSIS = YES;
				CLANG_WARN_STRICT_PROTOTYPES = YES;
				CLANG_WARN_SUSPICIOUS_MOVE = YES;
				CLANG_WARN_UNGUARDED_AVAILABILITY = YES_AGGRESSIVE;
				CLANG_WARN_UNREACHABLE_CODE = YES;
				CLANG_WARN__DUPLICATE_METHOD_MATCH = YES;
				COPY_PHASE_STRIP = NO;
				DEBUG_INFORMATION_FORMAT = dwarf;
				ENABLE_STRICT_OBJC_MSGSEND = YES;
				ENABLE_TESTABILITY = YES;
				GCC_C_LANGUAGE_STANDARD = gnu11;
				GCC_DYNAMIC_NO_PIC = NO;
				GCC_NO_COMMON_BLOCKS = YES;
				GCC_OPTIMIZATION_LEVEL = 0;
				GCC_PREPROCESSOR_DEFINITIONS = (
					"DEBUG=1",
					"$(inherited)",
				);
				GCC_WARN_64_TO_32_BIT_CONVERSION = YES;
				GCC_WARN_ABOUT_RETURN_TYPE = YES_ERROR;
				GCC_WARN_UNDECLARED_SELECTOR = YES;
				GCC_WARN_UNINITIALIZED_AUTOS = YES_AGGRESSIVE;
				GCC_WARN_UNUSED_FUNCTION = YES;
				GCC_WARN_UNUSED_VARIABLE = YES;
				IPHONEOS_DEPLOYMENT_TARGET = 16.4;
				MTL_ENABLE_DEBUG_INFO = INCLUDE_SOURCE;
				MTL_FAST_MATH = YES;
				ONLY_ACTIVE_ARCH = YES;
				SDKROOT = iphoneos;
				SWIFT_ACTIVE_COMPILATION_CONDITIONS = DEBUG;
				SWIFT_OPTIMIZATION_LEVEL = "-Onone";
			};
			name = Debug;
		};
		9124E83F2DDFB78A00FE58FD /* Release */ = {
			isa = XCBuildConfiguration;
			buildSettings = {
				ALWAYS_SEARCH_USER_PATHS = NO;
				CLANG_ANALYZER_NONNULL = YES;
				CLANG_ANALYZER_NUMBER_OBJECT_CONVERSION = YES_AGGRESSIVE;
				CLANG_CXX_LANGUAGE_STANDARD = "gnu++20";
				CLANG_ENABLE_MODULES = YES;
				CLANG_ENABLE_OBJC_ARC = YES;
				CLANG_ENABLE_OBJC_WEAK = YES;
				CLANG_WARN_BLOCK_CAPTURE_AUTORELEASING = YES;
				CLANG_WARN_BOOL_CONVERSION = YES;
				CLANG_WARN_COMMA = YES;
				CLANG_WARN_CONSTANT_CONVERSION = YES;
				CLANG_WARN_DEPRECATED_OBJC_IMPLEMENTATIONS = YES;
				CLANG_WARN_DIRECT_OBJC_ISA_USAGE = YES_ERROR;
				CLANG_WARN_DOCUMENTATION_COMMENTS = YES;
				CLANG_WARN_EMPTY_BODY = YES;
				CLANG_WARN_ENUM_CONVERSION = YES;
				CLANG_WARN_INFINITE_RECURSION = YES;
				CLANG_WARN_INT_CONVERSION = YES;
				CLANG_WARN_NON_LITERAL_NULL_CONVERSION = YES;
				CLANG_WARN_OBJC_IMPLICIT_RETAIN_SELF = YES;
				CLANG_WARN_OBJC_LITERAL_CONVERSION = YES;
				CLANG_WARN_OBJC_ROOT_CLASS = YES_ERROR;
				CLANG_WARN_QUOTED_INCLUDE_IN_FRAMEWORK_HEADER = YES;
				CLANG_WARN_RANGE_LOOP_ANALYSIS = YES;
				CLANG_WARN_STRICT_PROTOTYPES = YES;
				CLANG_WARN_SUSPICIOUS_MOVE = YES;
				CLANG_WARN_UNGUARDED_AVAILABILITY = YES_AGGRESSIVE;
				CLANG_WARN_UNREACHABLE_CODE = YES;
				CLANG_WARN__DUPLICATE_METHOD_MATCH = YES;
				COPY_PHASE_STRIP = NO;
				DEBUG_INFORMATION_FORMAT = "dwarf-with-dsym";
				ENABLE_NS_ASSERTIONS = NO;
				ENABLE_STRICT_OBJC_MSGSEND = YES;
				GCC_C_LANGUAGE_STANDARD = gnu11;
				GCC_NO_COMMON_BLOCKS = YES;
				GCC_WARN_64_TO_32_BIT_CONVERSION = YES;
				GCC_WARN_ABOUT_RETURN_TYPE = YES_ERROR;
				GCC_WARN_UNDECLARED_SELECTOR = YES;
				GCC_WARN_UNINITIALIZED_AUTOS = YES_AGGRESSIVE;
				GCC_WARN_UNUSED_FUNCTION = YES;
				GCC_WARN_UNUSED_VARIABLE = YES;
				IPHONEOS_DEPLOYMENT_TARGET = 16.4;
				MTL_ENABLE_DEBUG_INFO = NO;
				MTL_FAST_MATH = YES;
				SDKROOT = iphoneos;
				SWIFT_COMPILATION_MODE = wholemodule;
				SWIFT_OPTIMIZATION_LEVEL = "-O";
				VALIDATE_PRODUCT = YES;
			};
			name = Release;
		};
		9124E8412DDFB78A00FE58FD /* Debug */ = {
			isa = XCBuildConfiguration;
			buildSettings = {
				ASSETCATALOG_COMPILER_APPICON_NAME = AppIcon;
				ASSETCATALOG_COMPILER_GLOBAL_ACCENT_COLOR_NAME = AccentColor;
				CODE_SIGN_STYLE = Automatic;
				CURRENT_PROJECT_VERSION = 1;
				DEVELOPMENT_ASSET_PATHS = "\"Belajar Membuat Aplikasi iOS untuk Pemula/Preview Content\"";
				DEVELOPMENT_TEAM = Y5Y2G7UJ92;
				ENABLE_PREVIEWS = YES;
				GENERATE_INFOPLIST_FILE = YES;
				INFOPLIST_KEY_UIApplicationSceneManifest_Generation = YES;
				INFOPLIST_KEY_UIApplicationSupportsIndirectInputEvents = YES;
				INFOPLIST_KEY_UILaunchScreen_Generation = YES;
				INFOPLIST_KEY_UISupportedInterfaceOrientations_iPad = "UIInterfaceOrientationPortrait UIInterfaceOrientationPortraitUpsideDown UIInterfaceOrientationLandscapeLeft UIInterfaceOrientationLandscapeRight";
				INFOPLIST_KEY_UISupportedInterfaceOrientations_iPhone = "UIInterfaceOrientationPortrait UIInterfaceOrientationLandscapeLeft UIInterfaceOrientationLandscapeRight";
				LD_RUNPATH_SEARCH_PATHS = (
					"$(inherited)",
					"@executable_path/Frameworks",
				);
				MARKETING_VERSION = 1.0;
				PRODUCT_BUNDLE_IDENTIFIER = "com.farihmhmd.Belajar-Membuat-Aplikasi-iOS-untuk-Pemula";
				PRODUCT_NAME = "$(TARGET_NAME)";
				SWIFT_EMIT_LOC_STRINGS = YES;
				SWIFT_VERSION = 5.0;
				TARGETED_DEVICE_FAMILY = "1,2";
			};
			name = Debug;
		};
		9124E8422DDFB78A00FE58FD /* Release */ = {
			isa = XCBuildConfiguration;
			buildSettings = {
				ASSETCATALOG_COMPILER_APPICON_NAME = AppIcon;
				ASSETCATALOG_COMPILER_GLOBAL_ACCENT_COLOR_NAME = AccentColor;
				CODE_SIGN_STYLE = Automatic;
				CURRENT_PROJECT_VERSION = 1;
				DEVELOPMENT_ASSET_PATHS = "\"Belajar Membuat Aplikasi iOS untuk Pemula/Preview Content\"";
				DEVELOPMENT_TEAM = Y5Y2G7UJ92;
				ENABLE_PREVIEWS = YES;
				GENERATE_INFOPLIST_FILE = YES;
				INFOPLIST_KEY_UIApplicationSceneManifest_Generation = YES;
				INFOPLIST_KEY_UIApplicationSupportsIndirectInputEvents = YES;
				INFOPLIST_KEY_UILaunchScreen_Generation = YES;
				INFOPLIST_KEY_UISupportedInterfaceOrientations_iPad = "UIInterfaceOrientationPortrait UIInterfaceOrientationPortraitUpsideDown UIInterfaceOrientationLandscapeLeft UIInterfaceOrientationLandscapeRight";
				INFOPLIST_KEY_UISupportedInterfaceOrientations_iPhone = "UIInterfaceOrientationPortrait UIInterfaceOrientationLandscapeLeft UIInterfaceOrientationLandscapeRight";
				LD_RUNPATH_SEARCH_PATHS = (
					"$(inherited)",
					"@executable_path/Frameworks",
				);
				MARKETING_VERSION = 1.0;
				PRODUCT_BUNDLE_IDENTIFIER = "com.farihmhmd.Belajar-Membuat-Aplikasi-iOS-untuk-Pemula";
				PRODUCT_NAME = "$(TARGET_NAME)";
				SWIFT_EMIT_LOC_STRINGS = YES;
				SWIFT_VERSION = 5.0;
				TARGETED_DEVICE_FAMILY = "1,2";
			};
			name = Release;
		};
/* End XCBuildConfiguration section */

/* Begin XCConfigurationList section */
		9124E82D2DDFB78800FE58FD /* Build configuration list for PBXProject "Belajar Membuat Aplikasi iOS untuk Pemula" */ = {
			isa = XCConfigurationList;
			buildConfigurations = (
				9124E83E2DDFB78A00FE58FD /* Debug */,
				9124E83F2DDFB78A00FE58FD /* Release */,
			);
			defaultConfigurationIsVisible = 0;
			defaultConfigurationName = Release;
		};
		9124E8402DDFB78A00FE58FD /* Build configuration list for PBXNativeTarget "Belajar Membuat Aplikasi iOS untuk Pemula" */ = {
			isa = XCConfigurationList;
			buildConfigurations = (
				9124E8412DDFB78A00FE58FD /* Debug */,
				9124E8422DDFB78A00FE58FD /* Release */,
			);
			defaultConfigurationIsVisible = 0;
			defaultConfigurationName = Release;
		};
/* End XCConfigurationList section */
	};
	rootObject = 9124E82A2DDFB78800FE58FD /* Project object */;
}
